
Microsoft Visual Studio Solution File, Format Version 12.00
# Visual Studio Version 17
VisualStudioVersion = 17.9.34728.123
MinimumVisualStudioVersion = 10.0.40219.1
Project("{9A19103F-16F7-4668-BE54-9A1E7A4F7556}") = "Frozen_Elsa", "Frozen_Elsa.csproj", "{F498C4CA-C4AC-4D1B-83FC-4942E0AEA34F}"
EndProject
Global
	GlobalSection(SolutionConfigurationPlatforms) = preSolution
		Debug|Any CPU = Debug|Any CPU
		Release|Any CPU = Release|Any CPU
	EndGlobalSection
	GlobalSection(ProjectConfigurationPlatforms) = postSolution
		{F498C4CA-C4AC-4D1B-83FC-4942E0AEA34F}.Debug|Any CPU.ActiveCfg = Debug|Any CPU
		{F498C4CA-C4AC-4D1B-83FC-4942E0AEA34F}.Debug|Any CPU.Build.0 = Debug|Any CPU
		{F498C4CA-C4AC-4D1B-83FC-4942E0AEA34F}.Release|Any CPU.ActiveCfg = Release|Any CPU
		{F498C4CA-C4AC-4D1B-83FC-4942E0AEA34F}.Release|Any CPU.Build.0 = Release|Any CPU
	EndGlobalSection
	GlobalSection(SolutionProperties) = preSolution
		HideSolutionNode = FALSE
	EndGlobalSection
	GlobalSection(ExtensibilityGlobals) = postSolution
		SolutionGuid = {2FE34486-5341-4470-A07F-06049C7195A0}
	EndGlobalSection
EndGlobal
